
Microsoft Visual Studio Solution File, Format Version 12.00
# Visual Studio Version 17
VisualStudioVersion = 17.0.31903.59
MinimumVisualStudioVersion = 10.0.40219.1
Project("{2150E333-8FDC-42A3-9474-1A3956D46DE8}") = "src", "src", "{0477CE0A-7F2C-4D8B-8022-0A85D0405DDC}"
EndProject
Project("{FAE04EC0-301F-11D3-BF4B-00C04F79EFBC}") = "ChangeToLinq.Console", "src\RefactorMaybe.Console\ChangeToLinq.Console.csproj", "{FFCEB9F5-D3CF-4CF0-91B9-85615A34A9E2}"
EndProject
Project("{FAE04EC0-301F-11D3-BF4B-00C04F79EFBC}") = "ChangeToLinq.Test", "test\ChangeToLinq.Test.csproj", "{D0CF0DC5-167C-4824-B18B-5B59E5677015}"
EndProject
Global
	GlobalSection(SolutionConfigurationPlatforms) = preSolution
		Debug|Any CPU = Debug|Any CPU
		Release|Any CPU = Release|Any CPU
	EndGlobalSection
	GlobalSection(ProjectConfigurationPlatforms) = postSolution
		{FFCEB9F5-D3CF-4CF0-91B9-85615A34A9E2}.Debug|Any CPU.ActiveCfg = Debug|Any CPU
		{FFCEB9F5-D3CF-4CF0-91B9-85615A34A9E2}.Debug|Any CPU.Build.0 = Debug|Any CPU
		{FFCEB9F5-D3CF-4CF0-91B9-85615A34A9E2}.Release|Any CPU.ActiveCfg = Release|Any CPU
		{FFCEB9F5-D3CF-4CF0-91B9-85615A34A9E2}.Release|Any CPU.Build.0 = Release|Any CPU
		{D0CF0DC5-167C-4824-B18B-5B59E5677015}.Debug|Any CPU.ActiveCfg = Debug|Any CPU
		{D0CF0DC5-167C-4824-B18B-5B59E5677015}.Debug|Any CPU.Build.0 = Debug|Any CPU
		{D0CF0DC5-167C-4824-B18B-5B59E5677015}.Release|Any CPU.ActiveCfg = Release|Any CPU
		{D0CF0DC5-167C-4824-B18B-5B59E5677015}.Release|Any CPU.Build.0 = Release|Any CPU
	EndGlobalSection
	GlobalSection(SolutionProperties) = preSolution
		HideSolutionNode = FALSE
	EndGlobalSection
	GlobalSection(NestedProjects) = preSolution
		{FFCEB9F5-D3CF-4CF0-91B9-85615A34A9E2} = {0477CE0A-7F2C-4D8B-8022-0A85D0405DDC}
	EndGlobalSection
EndGlobal
